
Microsoft Visual Studio Solution File, Format Version 12.00
# Visual Studio Version 16
VisualStudioVersion = 16.0.30002.166
MinimumVisualStudioVersion = 10.0.40219.1
Project("{FAE04EC0-301F-11D3-BF4B-00C04F79EFBC}") = "TjuvOchPolis3", "TjuvOchPolis3.csproj", "{AFAF4410-0F5F-46BF-ABF3-356918F0E737}"
EndProject
Global
	GlobalSection(SolutionConfigurationPlatforms) = preSolution
		Debug|Any CPU = Debug|Any CPU
		Release|Any CPU = Release|Any CPU
	EndGlobalSection
	GlobalSection(ProjectConfigurationPlatforms) = postSolution
		{AFAF4410-0F5F-46BF-ABF3-356918F0E737}.Debug|Any CPU.ActiveCfg = Debug|Any CPU
		{AFAF4410-0F5F-46BF-ABF3-356918F0E737}.Debug|Any CPU.Build.0 = Debug|Any CPU
		{AFAF4410-0F5F-46BF-ABF3-356918F0E737}.Release|Any CPU.ActiveCfg = Release|Any CPU
		{AFAF4410-0F5F-46BF-ABF3-356918F0E737}.Release|Any CPU.Build.0 = Release|Any CPU
	EndGlobalSection
	GlobalSection(SolutionProperties) = preSolution
		HideSolutionNode = FALSE
	EndGlobalSection
	GlobalSection(ExtensibilityGlobals) = postSolution
		SolutionGuid = {B985CCDF-C174-4A98-835B-DD190026C113}
	EndGlobalSection
EndGlobal
